
Microsoft Visual Studio Solution File, Format Version 12.00
# Visual Studio 14
VisualStudioVersion = 14.0.25420.1
MinimumVisualStudioVersion = 10.0.40219.1
Project("{FAE04EC0-301F-11D3-BF4B-00C04F79EFBC}") = "Animal_Control", "Animal_Control\Animal_Control.csproj", "{6F74615F-F532-43A9-8764-D182FF3AD9EE}"
EndProject
Project("{FAE04EC0-301F-11D3-BF4B-00C04F79EFBC}") = "Animal_Control.Tests", "Animal_Control.Tests\Animal_Control.Tests.csproj", "{57D8F860-AB54-4540-8B45-43A13342A3F5}"
EndProject
Global
	GlobalSection(SolutionConfigurationPlatforms) = preSolution
		Debug|Any CPU = Debug|Any CPU
		Release|Any CPU = Release|Any CPU
	EndGlobalSection
	GlobalSection(ProjectConfigurationPlatforms) = postSolution
		{6F74615F-F532-43A9-8764-D182FF3AD9EE}.Debug|Any CPU.ActiveCfg = Debug|Any CPU
		{6F74615F-F532-43A9-8764-D182FF3AD9EE}.Debug|Any CPU.Build.0 = Debug|Any CPU
		{6F74615F-F532-43A9-8764-D182FF3AD9EE}.Release|Any CPU.ActiveCfg = Release|Any CPU
		{6F74615F-F532-43A9-8764-D182FF3AD9EE}.Release|Any CPU.Build.0 = Release|Any CPU
		{57D8F860-AB54-4540-8B45-43A13342A3F5}.Debug|Any CPU.ActiveCfg = Debug|Any CPU
		{57D8F860-AB54-4540-8B45-43A13342A3F5}.Debug|Any CPU.Build.0 = Debug|Any CPU
		{57D8F860-AB54-4540-8B45-43A13342A3F5}.Release|Any CPU.ActiveCfg = Release|Any CPU
		{57D8F860-AB54-4540-8B45-43A13342A3F5}.Release|Any CPU.Build.0 = Release|Any CPU
	EndGlobalSection
	GlobalSection(SolutionProperties) = preSolution
		HideSolutionNode = FALSE
	EndGlobalSection
EndGlobal
